{
  "version": 4,
  "terraform_version": "1.0.0",
  "serial": 1,
  "lineage": "test-lineage-12345",
  "outputs": {},
  "resources": [
    {
      "mode": "managed",
      "type": "aws_vpc",
      "name": "test_vpc",
      "provider": "provider[\"registry.terraform.io/hashicorp/aws\"]",
      "instances": [
        {
          "schema_version": 1,
          "attributes": {
            "id": "vpc-12345678",
            "cidr_block": "10.0.0.0/16",
            "enable_dns_hostnames": true,
            "enable_dns_support": true,
            "tags": {
              "Name": "test-vpc",
              "Environment": "test"
            }
          }
        }
      ]
    },
    {
      "mode": "managed", 
      "type": "aws_subnet",
      "name": "test_subnet",
      "provider": "provider[\"registry.terraform.io/hashicorp/aws\"]",
      "instances": [
        {
          "schema_version": 1,
          "attributes": {
            "id": "subnet-87654321",
            "vpc_id": "vpc-12345678",
            "cidr_block": "10.0.1.0/24",
            "availability_zone": "us-west-2a",
            "tags": {
              "Name": "test-subnet",
              "Environment": "test"
            }
          }
        }
      ]
    }
  ]
} 